// !$*UTF8*$!
{
	archiveVersion = 1;
	classes = {
	};
	objectVersion = 50;
	objects = {

/* Begin PBXBuildFile section */
		169DAC7D670FE56C1EDD99FF /* Pods_KLM_Houses.framework in Frameworks */ = {isa = PBXBuildFile; fileRef = C21B62D04685CA9EAE399806 /* Pods_KLM_Houses.framework */; };
		DAAA1DB420BFDD7000FF1BE1 /* AppDelegate.swift in Sources */ = {isa = PBXBuildFile; fileRef = DAAA1DB320BFDD7000FF1BE1 /* AppDelegate.swift */; };
		DAAA1DB620BFDD7000FF1BE1 /* HousesViewController.swift in Sources */ = {isa = PBXBuildFile; fileRef = DAAA1DB520BFDD7000FF1BE1 /* HousesViewController.swift */; };
		DAAA1DB820BFDD7000FF1BE1 /* HouseDetailViewController.swift in Sources */ = {isa = PBXBuildFile; fileRef = DAAA1DB720BFDD7000FF1BE1 /* HouseDetailViewController.swift */; };
		DAAA1DBB20BFDD7000FF1BE1 /* Main.storyboard in Resources */ = {isa = PBXBuildFile; fileRef = DAAA1DB920BFDD7000FF1BE1 /* Main.storyboard */; };
		DAAA1DBD20BFDD7100FF1BE1 /* Assets.xcassets in Resources */ = {isa = PBXBuildFile; fileRef = DAAA1DBC20BFDD7100FF1BE1 /* Assets.xcassets */; };
		DAAA1DC020BFDD7100FF1BE1 /* LaunchScreen.storyboard in Resources */ = {isa = PBXBuildFile; fileRef = DAAA1DBE20BFDD7100FF1BE1 /* LaunchScreen.storyboard */; };
		DAAA1DCA20BFED5800FF1BE1 /* House.swift in Sources */ = {isa = PBXBuildFile; fileRef = DAAA1DC920BFED5800FF1BE1 /* House.swift */; };
		DAAA1DCC20BFEE5E00FF1BE1 /* User.swift in Sources */ = {isa = PBXBuildFile; fileRef = DAAA1DCB20BFEE5E00FF1BE1 /* User.swift */; };
		DAAA1DCE20C0112100FF1BE1 /* String+Random.swift in Sources */ = {isa = PBXBuildFile; fileRef = DAAA1DCD20C0112100FF1BE1 /* String+Random.swift */; };
		DAAA1DD120C0232900FF1BE1 /* Int+Times.swift in Sources */ = {isa = PBXBuildFile; fileRef = DAAA1DD020C0232900FF1BE1 /* Int+Times.swift */; };
		DAAA1DD320C0237800FF1BE1 /* TabBarController.swift in Sources */ = {isa = PBXBuildFile; fileRef = DAAA1DD220C0237800FF1BE1 /* TabBarController.swift */; };
		DAAA1DD620C0255F00FF1BE1 /* Updateable.swift in Sources */ = {isa = PBXBuildFile; fileRef = DAAA1DD520C0255F00FF1BE1 /* Updateable.swift */; };
		DAAA1DDA20C0260B00FF1BE1 /* HouseCollectionViewCell.swift in Sources */ = {isa = PBXBuildFile; fileRef = DAAA1DD920C0260B00FF1BE1 /* HouseCollectionViewCell.swift */; };
		DAAA1DDC20C0263100FF1BE1 /* Reusable.swift in Sources */ = {isa = PBXBuildFile; fileRef = DAAA1DDB20C0263100FF1BE1 /* Reusable.swift */; };
/* End PBXBuildFile section */

/* Begin PBXFileReference section */
		6A57B865C902C6807BA669C8 /* Pods-KLM Houses.release.xcconfig */ = {isa = PBXFileReference; includeInIndex = 1; lastKnownFileType = text.xcconfig; name = "Pods-KLM Houses.release.xcconfig"; path = "Pods/Target Support Files/Pods-KLM Houses/Pods-KLM Houses.release.xcconfig"; sourceTree = "<group>"; };
		9BD0F6DC9137701B2361921F /* Pods-KLM Houses.debug.xcconfig */ = {isa = PBXFileReference; includeInIndex = 1; lastKnownFileType = text.xcconfig; name = "Pods-KLM Houses.debug.xcconfig"; path = "Pods/Target Support Files/Pods-KLM Houses/Pods-KLM Houses.debug.xcconfig"; sourceTree = "<group>"; };
		C21B62D04685CA9EAE399806 /* Pods_KLM_Houses.framework */ = {isa = PBXFileReference; explicitFileType = wrapper.framework; includeInIndex = 0; path = Pods_KLM_Houses.framework; sourceTree = BUILT_PRODUCTS_DIR; };
		DAAA1DB020BFDD7000FF1BE1 /* KLM Houses.app */ = {isa = PBXFileReference; explicitFileType = wrapper.application; includeInIndex = 0; path = "KLM Houses.app"; sourceTree = BUILT_PRODUCTS_DIR; };
		DAAA1DB320BFDD7000FF1BE1 /* AppDelegate.swift */ = {isa = PBXFileReference; lastKnownFileType = sourcecode.swift; path = AppDelegate.swift; sourceTree = "<group>"; };
		DAAA1DB520BFDD7000FF1BE1 /* HousesViewController.swift */ = {isa = PBXFileReference; lastKnownFileType = sourcecode.swift; path = HousesViewController.swift; sourceTree = "<group>"; };
		DAAA1DB720BFDD7000FF1BE1 /* HouseDetailViewController.swift */ = {isa = PBXFileReference; lastKnownFileType = sourcecode.swift; path = HouseDetailViewController.swift; sourceTree = "<group>"; };
		DAAA1DBA20BFDD7000FF1BE1 /* Base */ = {isa = PBXFileReference; lastKnownFileType = file.storyboard; name = Base; path = Base.lproj/Main.storyboard; sourceTree = "<group>"; };
		DAAA1DBC20BFDD7100FF1BE1 /* Assets.xcassets */ = {isa = PBXFileReference; lastKnownFileType = folder.assetcatalog; path = Assets.xcassets; sourceTree = "<group>"; };
		DAAA1DBF20BFDD7100FF1BE1 /* Base */ = {isa = PBXFileReference; lastKnownFileType = file.storyboard; name = Base; path = Base.lproj/LaunchScreen.storyboard; sourceTree = "<group>"; };
		DAAA1DC120BFDD7100FF1BE1 /* Info.plist */ = {isa = PBXFileReference; lastKnownFileType = text.plist.xml; path = Info.plist; sourceTree = "<group>"; };
		DAAA1DC920BFED5800FF1BE1 /* House.swift */ = {isa = PBXFileReference; lastKnownFileType = sourcecode.swift; path = House.swift; sourceTree = "<group>"; };
		DAAA1DCB20BFEE5E00FF1BE1 /* User.swift */ = {isa = PBXFileReference; lastKnownFileType = sourcecode.swift; path = User.swift; sourceTree = "<group>"; };
		DAAA1DCD20C0112100FF1BE1 /* String+Random.swift */ = {isa = PBXFileReference; lastKnownFileType = sourcecode.swift; path = "String+Random.swift"; sourceTree = "<group>"; };
		DAAA1DD020C0232900FF1BE1 /* Int+Times.swift */ = {isa = PBXFileReference; lastKnownFileType = sourcecode.swift; path = "Int+Times.swift"; sourceTree = "<group>"; };
		DAAA1DD220C0237800FF1BE1 /* TabBarController.swift */ = {isa = PBXFileReference; lastKnownFileType = sourcecode.swift; path = TabBarController.swift; sourceTree = "<group>"; };
		DAAA1DD520C0255F00FF1BE1 /* Updateable.swift */ = {isa = PBXFileReference; lastKnownFileType = sourcecode.swift; path = Updateable.swift; sourceTree = "<group>"; };
		DAAA1DD920C0260B00FF1BE1 /* HouseCollectionViewCell.swift */ = {isa = PBXFileReference; lastKnownFileType = sourcecode.swift; path = HouseCollectionViewCell.swift; sourceTree = "<group>"; };
		DAAA1DDB20C0263100FF1BE1 /* Reusable.swift */ = {isa = PBXFileReference; fileEncoding = 4; lastKnownFileType = sourcecode.swift; path = Reusable.swift; sourceTree = "<group>"; };
/* End PBXFileReference section */

/* Begin PBXFrameworksBuildPhase section */
		DAAA1DAD20BFDD7000FF1BE1 /* Frameworks */ = {
			isa = PBXFrameworksBuildPhase;
			buildActionMask = 2147483647;
			files = (
				169DAC7D670FE56C1EDD99FF /* Pods_KLM_Houses.framework in Frameworks */,
			);
			runOnlyForDeploymentPostprocessing = 0;
		};
/* End PBXFrameworksBuildPhase section */

/* Begin PBXGroup section */
		2C3D0ACCD10AC9905F583828 /* Pods */ = {
			isa = PBXGroup;
			children = (
				9BD0F6DC9137701B2361921F /* Pods-KLM Houses.debug.xcconfig */,
				6A57B865C902C6807BA669C8 /* Pods-KLM Houses.release.xcconfig */,
			);
			name = Pods;
			sourceTree = "<group>";
		};
		D2D6445BC16B2C7825A2AB51 /* Frameworks */ = {
			isa = PBXGroup;
			children = (
				C21B62D04685CA9EAE399806 /* Pods_KLM_Houses.framework */,
			);
			name = Frameworks;
			sourceTree = "<group>";
		};
		DAAA1DA720BFDD7000FF1BE1 = {
			isa = PBXGroup;
			children = (
				DAAA1DB220BFDD7000FF1BE1 /* KLM Houses */,
				DAAA1DB120BFDD7000FF1BE1 /* Products */,
				2C3D0ACCD10AC9905F583828 /* Pods */,
				D2D6445BC16B2C7825A2AB51 /* Frameworks */,
			);
			sourceTree = "<group>";
		};
		DAAA1DB120BFDD7000FF1BE1 /* Products */ = {
			isa = PBXGroup;
			children = (
				DAAA1DB020BFDD7000FF1BE1 /* KLM Houses.app */,
			);
			name = Products;
			sourceTree = "<group>";
		};
		DAAA1DB220BFDD7000FF1BE1 /* KLM Houses */ = {
			isa = PBXGroup;
			children = (
				DAAA1DD720C025F400FF1BE1 /* Protocols */,
				DAAA1DCF20C0112400FF1BE1 /* Extensions */,
				DAAA1DC820BFDF5400FF1BE1 /* Model */,
				DAAA1DD820C025FB00FF1BE1 /* View */,
				DAAA1DD420C0237E00FF1BE1 /* ViewController */,
				DAAA1DB320BFDD7000FF1BE1 /* AppDelegate.swift */,
				DAAA1DB520BFDD7000FF1BE1 /* HousesViewController.swift */,
				DAAA1DB720BFDD7000FF1BE1 /* HouseDetailViewController.swift */,
				DAAA1DB920BFDD7000FF1BE1 /* Main.storyboard */,
				DAAA1DBC20BFDD7100FF1BE1 /* Assets.xcassets */,
				DAAA1DBE20BFDD7100FF1BE1 /* LaunchScreen.storyboard */,
				DAAA1DC120BFDD7100FF1BE1 /* Info.plist */,
			);
			path = "KLM Houses";
			sourceTree = "<group>";
		};
		DAAA1DC820BFDF5400FF1BE1 /* Model */ = {
			isa = PBXGroup;
			children = (
				DAAA1DC920BFED5800FF1BE1 /* House.swift */,
				DAAA1DCB20BFEE5E00FF1BE1 /* User.swift */,
			);
			path = Model;
			sourceTree = "<group>";
		};
		DAAA1DCF20C0112400FF1BE1 /* Extensions */ = {
			isa = PBXGroup;
			children = (
				DAAA1DDB20C0263100FF1BE1 /* Reusable.swift */,
				DAAA1DCD20C0112100FF1BE1 /* String+Random.swift */,
				DAAA1DD020C0232900FF1BE1 /* Int+Times.swift */,
			);
			path = Extensions;
			sourceTree = "<group>";
		};
		DAAA1DD420C0237E00FF1BE1 /* ViewController */ = {
			isa = PBXGroup;
			children = (
				DAAA1DD220C0237800FF1BE1 /* TabBarController.swift */,
			);
			path = ViewController;
			sourceTree = "<group>";
		};
		DAAA1DD720C025F400FF1BE1 /* Protocols */ = {
			isa = PBXGroup;
			children = (
				DAAA1DD520C0255F00FF1BE1 /* Updateable.swift */,
			);
			path = Protocols;
			sourceTree = "<group>";
		};
		DAAA1DD820C025FB00FF1BE1 /* View */ = {
			isa = PBXGroup;
			children = (
				DAAA1DD920C0260B00FF1BE1 /* HouseCollectionViewCell.swift */,
			);
			path = View;
			sourceTree = "<group>";
		};
/* End PBXGroup section */

/* Begin PBXNativeTarget section */
		DAAA1DAF20BFDD7000FF1BE1 /* KLM Houses */ = {
			isa = PBXNativeTarget;
			buildConfigurationList = DAAA1DC420BFDD7100FF1BE1 /* Build configuration list for PBXNativeTarget "KLM Houses" */;
			buildPhases = (
				AD939BAD1F536593D527A31A /* [CP] Check Pods Manifest.lock */,
				DAAA1DAC20BFDD7000FF1BE1 /* Sources */,
				DAAA1DAD20BFDD7000FF1BE1 /* Frameworks */,
				DAAA1DAE20BFDD7000FF1BE1 /* Resources */,
				3DD294326D9E509C0C6ED4B8 /* [CP] Embed Pods Frameworks */,
			);
			buildRules = (
			);
			dependencies = (
			);
			name = "KLM Houses";
			productName = "KLM Houses";
			productReference = DAAA1DB020BFDD7000FF1BE1 /* KLM Houses.app */;
			productType = "com.apple.product-type.application";
		};
/* End PBXNativeTarget section */

/* Begin PBXProject section */
		DAAA1DA820BFDD7000FF1BE1 /* Project object */ = {
			isa = PBXProject;
			attributes = {
				LastSwiftUpdateCheck = 0930;
				LastUpgradeCheck = 0930;
				ORGANIZATIONNAME = "Hamon Riazy";
				TargetAttributes = {
					DAAA1DAF20BFDD7000FF1BE1 = {
						CreatedOnToolsVersion = 9.3.1;
					};
				};
			};
			buildConfigurationList = DAAA1DAB20BFDD7000FF1BE1 /* Build configuration list for PBXProject "KLM Houses" */;
			compatibilityVersion = "Xcode 9.3";
			developmentRegion = en;
			hasScannedForEncodings = 0;
			knownRegions = (
				en,
				Base,
			);
			mainGroup = DAAA1DA720BFDD7000FF1BE1;
			productRefGroup = DAAA1DB120BFDD7000FF1BE1 /* Products */;
			projectDirPath = "";
			projectRoot = "";
			targets = (
				DAAA1DAF20BFDD7000FF1BE1 /* KLM Houses */,
			);
		};
/* End PBXProject section */

/* Begin PBXResourcesBuildPhase section */
		DAAA1DAE20BFDD7000FF1BE1 /* Resources */ = {
			isa = PBXResourcesBuildPhase;
			buildActionMask = 2147483647;
			files = (
				DAAA1DC020BFDD7100FF1BE1 /* LaunchScreen.storyboard in Resources */,
				DAAA1DBD20BFDD7100FF1BE1 /* Assets.xcassets in Resources */,
				DAAA1DBB20BFDD7000FF1BE1 /* Main.storyboard in Resources */,
			);
			runOnlyForDeploymentPostprocessing = 0;
		};
/* End PBXResourcesBuildPhase section */

/* Begin PBXShellScriptBuildPhase section */
		3DD294326D9E509C0C6ED4B8 /* [CP] Embed Pods Frameworks */ = {
			isa = PBXShellScriptBuildPhase;
			buildActionMask = 2147483647;
			files = (
			);
			inputPaths = (
				"${SRCROOT}/Pods/Target Support Files/Pods-KLM Houses/Pods-KLM Houses-frameworks.sh",
				"${BUILT_PRODUCTS_DIR}/PinterestSegment/PinterestSegment.framework",
				"${BUILT_PRODUCTS_DIR}/Realm/Realm.framework",
				"${BUILT_PRODUCTS_DIR}/RealmSwift/RealmSwift.framework",
				"${BUILT_PRODUCTS_DIR}/YouTubePlayer/YouTubePlayer.framework",
			);
			name = "[CP] Embed Pods Frameworks";
			outputPaths = (
				"${TARGET_BUILD_DIR}/${FRAMEWORKS_FOLDER_PATH}/PinterestSegment.framework",
				"${TARGET_BUILD_DIR}/${FRAMEWORKS_FOLDER_PATH}/Realm.framework",
				"${TARGET_BUILD_DIR}/${FRAMEWORKS_FOLDER_PATH}/RealmSwift.framework",
				"${TARGET_BUILD_DIR}/${FRAMEWORKS_FOLDER_PATH}/YouTubePlayer.framework",
			);
			runOnlyForDeploymentPostprocessing = 0;
			shellPath = /bin/sh;
			shellScript = "\"${SRCROOT}/Pods/Target Support Files/Pods-KLM Houses/Pods-KLM Houses-frameworks.sh\"\n";
			showEnvVarsInLog = 0;
		};
		AD939BAD1F536593D527A31A /* [CP] Check Pods Manifest.lock */ = {
			isa = PBXShellScriptBuildPhase;
			buildActionMask = 2147483647;
			files = (
			);
			inputPaths = (
				"${PODS_PODFILE_DIR_PATH}/Podfile.lock",
				"${PODS_ROOT}/Manifest.lock",
			);
			name = "[CP] Check Pods Manifest.lock";
			outputPaths = (
				"$(DERIVED_FILE_DIR)/Pods-KLM Houses-checkManifestLockResult.txt",
			);
			runOnlyForDeploymentPostprocessing = 0;
			shellPath = /bin/sh;
			shellScript = "diff \"${PODS_PODFILE_DIR_PATH}/Podfile.lock\" \"${PODS_ROOT}/Manifest.lock\" > /dev/null\nif [ $? != 0 ] ; then\n    # print error to STDERR\n    echo \"error: The sandbox is not in sync with the Podfile.lock. Run 'pod install' or update your CocoaPods installation.\" >&2\n    exit 1\nfi\n# This output is used by Xcode 'outputs' to avoid re-running this script phase.\necho \"SUCCESS\" > \"${SCRIPT_OUTPUT_FILE_0}\"\n";
			showEnvVarsInLog = 0;
		};
/* End PBXShellScriptBuildPhase section */

/* Begin PBXSourcesBuildPhase section */
		DAAA1DAC20BFDD7000FF1BE1 /* Sources */ = {
			isa = PBXSourcesBuildPhase;
			buildActionMask = 2147483647;
			files = (
				DAAA1DB820BFDD7000FF1BE1 /* HouseDetailViewController.swift in Sources */,
				DAAA1DDC20C0263100FF1BE1 /* Reusable.swift in Sources */,
				DAAA1DD620C0255F00FF1BE1 /* Updateable.swift in Sources */,
				DAAA1DD320C0237800FF1BE1 /* TabBarController.swift in Sources */,
				DAAA1DB620BFDD7000FF1BE1 /* HousesViewController.swift in Sources */,
				DAAA1DCA20BFED5800FF1BE1 /* House.swift in Sources */,
				DAAA1DCE20C0112100FF1BE1 /* String+Random.swift in Sources */,
				DAAA1DD120C0232900FF1BE1 /* Int+Times.swift in Sources */,
				DAAA1DDA20C0260B00FF1BE1 /* HouseCollectionViewCell.swift in Sources */,
				DAAA1DCC20BFEE5E00FF1BE1 /* User.swift in Sources */,
				DAAA1DB420BFDD7000FF1BE1 /* AppDelegate.swift in Sources */,
			);
			runOnlyForDeploymentPostprocessing = 0;
		};
/* End PBXSourcesBuildPhase section */

/* Begin PBXVariantGroup section */
		DAAA1DB920BFDD7000FF1BE1 /* Main.storyboard */ = {
			isa = PBXVariantGroup;
			children = (
				DAAA1DBA20BFDD7000FF1BE1 /* Base */,
			);
			name = Main.storyboard;
			sourceTree = "<group>";
		};
		DAAA1DBE20BFDD7100FF1BE1 /* LaunchScreen.storyboard */ = {
			isa = PBXVariantGroup;
			children = (
				DAAA1DBF20BFDD7100FF1BE1 /* Base */,
			);
			name = LaunchScreen.storyboard;
			sourceTree = "<group>";
		};
/* End PBXVariantGroup section */

/* Begin XCBuildConfiguration section */
		DAAA1DC220BFDD7100FF1BE1 /* Debug */ = {
			isa = XCBuildConfiguration;
			buildSettings = {
				ALWAYS_SEARCH_USER_PATHS = NO;
				CLANG_ANALYZER_NONNULL = YES;
				CLANG_ANALYZER_NUMBER_OBJECT_CONVERSION = YES_AGGRESSIVE;
				CLANG_CXX_LANGUAGE_STANDARD = "gnu++14";
				CLANG_CXX_LIBRARY = "libc++";
				CLANG_ENABLE_MODULES = YES;
				CLANG_ENABLE_OBJC_ARC = YES;
				CLANG_ENABLE_OBJC_WEAK = YES;
				CLANG_WARN_BLOCK_CAPTURE_AUTORELEASING = YES;
				CLANG_WARN_BOOL_CONVERSION = YES;
				CLANG_WARN_COMMA = YES;
				CLANG_WARN_CONSTANT_CONVERSION = YES;
				CLANG_WARN_DEPRECATED_OBJC_IMPLEMENTATIONS = YES;
				CLANG_WARN_DIRECT_OBJC_ISA_USAGE = YES_ERROR;
				CLANG_WARN_DOCUMENTATION_COMMENTS = YES;
				CLANG_WARN_EMPTY_BODY = YES;
				CLANG_WARN_ENUM_CONVERSION = YES;
				CLANG_WARN_INFINITE_RECURSION = YES;
				CLANG_WARN_INT_CONVERSION = YES;
				CLANG_WARN_NON_LITERAL_NULL_CONVERSION = YES;
				CLANG_WARN_OBJC_IMPLICIT_RETAIN_SELF = YES;
				CLANG_WARN_OBJC_LITERAL_CONVERSION = YES;
				CLANG_WARN_OBJC_ROOT_CLASS = YES_ERROR;
				CLANG_WARN_RANGE_LOOP_ANALYSIS = YES;
				CLANG_WARN_STRICT_PROTOTYPES = YES;
				CLANG_WARN_SUSPICIOUS_MOVE = YES;
				CLANG_WARN_UNGUARDED_AVAILABILITY = YES_AGGRESSIVE;
				CLANG_WARN_UNREACHABLE_CODE = YES;
				CLANG_WARN__DUPLICATE_METHOD_MATCH = YES;
				CODE_SIGN_IDENTITY = "iPhone Developer";
				COPY_PHASE_STRIP = NO;
				DEBUG_INFORMATION_FORMAT = dwarf;
				ENABLE_STRICT_OBJC_MSGSEND = YES;
				ENABLE_TESTABILITY = YES;
				GCC_C_LANGUAGE_STANDARD = gnu11;
				GCC_DYNAMIC_NO_PIC = NO;
				GCC_NO_COMMON_BLOCKS = YES;
				GCC_OPTIMIZATION_LEVEL = 0;
				GCC_PREPROCESSOR_DEFINITIONS = (
					"DEBUG=1",
					"$(inherited)",
				);
				GCC_WARN_64_TO_32_BIT_CONVERSION = YES;
				GCC_WARN_ABOUT_RETURN_TYPE = YES_ERROR;
				GCC_WARN_UNDECLARED_SELECTOR = YES;
				GCC_WARN_UNINITIALIZED_AUTOS = YES_AGGRESSIVE;
				GCC_WARN_UNUSED_FUNCTION = YES;
				GCC_WARN_UNUSED_VARIABLE = YES;
				IPHONEOS_DEPLOYMENT_TARGET = 11.3;
				MTL_ENABLE_DEBUG_INFO = YES;
				ONLY_ACTIVE_ARCH = YES;
				SDKROOT = iphoneos;
				SWIFT_ACTIVE_COMPILATION_CONDITIONS = DEBUG;
				SWIFT_OPTIMIZATION_LEVEL = "-Onone";
			};
			name = Debug;
		};
		DAAA1DC320BFDD7100FF1BE1 /* Release */ = {
			isa = XCBuildConfiguration;
			buildSettings = {
				ALWAYS_SEARCH_USER_PATHS = NO;
				CLANG_ANALYZER_NONNULL = YES;
				CLANG_ANALYZER_NUMBER_OBJECT_CONVERSION = YES_AGGRESSIVE;
				CLANG_CXX_LANGUAGE_STANDARD = "gnu++14";
				CLANG_CXX_LIBRARY = "libc++";
				CLANG_ENABLE_MODULES = YES;
				CLANG_ENABLE_OBJC_ARC = YES;
				CLANG_ENABLE_OBJC_WEAK = YES;
				CLANG_WARN_BLOCK_CAPTURE_AUTORELEASING = YES;
				CLANG_WARN_BOOL_CONVERSION = YES;
				CLANG_WARN_COMMA = YES;
				CLANG_WARN_CONSTANT_CONVERSION = YES;
				CLANG_WARN_DEPRECATED_OBJC_IMPLEMENTATIONS = YES;
				CLANG_WARN_DIRECT_OBJC_ISA_USAGE = YES_ERROR;
				CLANG_WARN_DOCUMENTATION_COMMENTS = YES;
				CLANG_WARN_EMPTY_BODY = YES;
				CLANG_WARN_ENUM_CONVERSION = YES;
				CLANG_WARN_INFINITE_RECURSION = YES;
				CLANG_WARN_INT_CONVERSION = YES;
				CLANG_WARN_NON_LITERAL_NULL_CONVERSION = YES;
				CLANG_WARN_OBJC_IMPLICIT_RETAIN_SELF = YES;
				CLANG_WARN_OBJC_LITERAL_CONVERSION = YES;
				CLANG_WARN_OBJC_ROOT_CLASS = YES_ERROR;
				CLANG_WARN_RANGE_LOOP_ANALYSIS = YES;
				CLANG_WARN_STRICT_PROTOTYPES = YES;
				CLANG_WARN_SUSPICIOUS_MOVE = YES;
				CLANG_WARN_UNGUARDED_AVAILABILITY = YES_AGGRESSIVE;
				CLANG_WARN_UNREACHABLE_CODE = YES;
				CLANG_WARN__DUPLICATE_METHOD_MATCH = YES;
				CODE_SIGN_IDENTITY = "iPhone Developer";
				COPY_PHASE_STRIP = NO;
				DEBUG_INFORMATION_FORMAT = "dwarf-with-dsym";
				ENABLE_NS_ASSERTIONS = NO;
				ENABLE_STRICT_OBJC_MSGSEND = YES;
				GCC_C_LANGUAGE_STANDARD = gnu11;
				GCC_NO_COMMON_BLOCKS = YES;
				GCC_WARN_64_TO_32_BIT_CONVERSION = YES;
				GCC_WARN_ABOUT_RETURN_TYPE = YES_ERROR;
				GCC_WARN_UNDECLARED_SELECTOR = YES;
				GCC_WARN_UNINITIALIZED_AUTOS = YES_AGGRESSIVE;
				GCC_WARN_UNUSED_FUNCTION = YES;
				GCC_WARN_UNUSED_VARIABLE = YES;
				IPHONEOS_DEPLOYMENT_TARGET = 11.3;
				MTL_ENABLE_DEBUG_INFO = NO;
				SDKROOT = iphoneos;
				SWIFT_COMPILATION_MODE = wholemodule;
				SWIFT_OPTIMIZATION_LEVEL = "-O";
				VALIDATE_PRODUCT = YES;
			};
			name = Release;
		};
		DAAA1DC520BFDD7100FF1BE1 /* Debug */ = {
			isa = XCBuildConfiguration;
			baseConfigurationReference = 9BD0F6DC9137701B2361921F /* Pods-KLM Houses.debug.xcconfig */;
			buildSettings = {
				ASSETCATALOG_COMPILER_APPICON_NAME = AppIcon;
				CODE_SIGN_STYLE = Automatic;
				DEVELOPMENT_TEAM = 426N58MG75;
				INFOPLIST_FILE = "KLM Houses/Info.plist";
				LD_RUNPATH_SEARCH_PATHS = (
					"$(inherited)",
					"@executable_path/Frameworks",
				);
				PRODUCT_BUNDLE_IDENTIFIER = "com.riazy.KLM-Houses";
				PRODUCT_NAME = "$(TARGET_NAME)";
				SWIFT_VERSION = 4.0;
				TARGETED_DEVICE_FAMILY = "1,2";
			};
			name = Debug;
		};
		DAAA1DC620BFDD7100FF1BE1 /* Release */ = {
			isa = XCBuildConfiguration;
			baseConfigurationReference = 6A57B865C902C6807BA669C8 /* Pods-KLM Houses.release.xcconfig */;
			buildSettings = {
				ASSETCATALOG_COMPILER_APPICON_NAME = AppIcon;
				CODE_SIGN_STYLE = Automatic;
				DEVELOPMENT_TEAM = 426N58MG75;
				INFOPLIST_FILE = "KLM Houses/Info.plist";
				LD_RUNPATH_SEARCH_PATHS = (
					"$(inherited)",
					"@executable_path/Frameworks",
				);
				PRODUCT_BUNDLE_IDENTIFIER = "com.riazy.KLM-Houses";
				PRODUCT_NAME = "$(TARGET_NAME)";
				SWIFT_VERSION = 4.0;
				TARGETED_DEVICE_FAMILY = "1,2";
			};
			name = Release;
		};
/* End XCBuildConfiguration section */

/* Begin XCConfigurationList section */
		DAAA1DAB20BFDD7000FF1BE1 /* Build configuration list for PBXProject "KLM Houses" */ = {
			isa = XCConfigurationList;
			buildConfigurations = (
				DAAA1DC220BFDD7100FF1BE1 /* Debug */,
				DAAA1DC320BFDD7100FF1BE1 /* Release */,
			);
			defaultConfigurationIsVisible = 0;
			defaultConfigurationName = Release;
		};
		DAAA1DC420BFDD7100FF1BE1 /* Build configuration list for PBXNativeTarget "KLM Houses" */ = {
			isa = XCConfigurationList;
			buildConfigurations = (
				DAAA1DC520BFDD7100FF1BE1 /* Debug */,
				DAAA1DC620BFDD7100FF1BE1 /* Release */,
			);
			defaultConfigurationIsVisible = 0;
			defaultConfigurationName = Release;
		};
/* End XCConfigurationList section */
	};
	rootObject = DAAA1DA820BFDD7000FF1BE1 /* Project object */;
}
